
Microsoft Visual Studio Solution File, Format Version 12.00
# Visual Studio Version 17
VisualStudioVersion = 17.9.34701.34
MinimumVisualStudioVersion = 10.0.40219.1
Project("{9A19103F-16F7-4668-BE54-9A1E7A4F7556}") = "Quiztle.API", "Quiztle.API\Quiztle.API.csproj", "{DB82B34C-8CE7-4BC9-9DD9-D81307CE460A}"
EndProject
Project("{9A19103F-16F7-4668-BE54-9A1E7A4F7556}") = "Quiztle.CoreBusiness", "Quiztle.CoreBusiness\Quiztle.CoreBusiness.csproj", "{362B4696-3FD0-457F-9D3F-3AE584673B2D}"
EndProject
Project("{9A19103F-16F7-4668-BE54-9A1E7A4F7556}") = "Quiztle.DataContext", "Quiztle.DataContext\Quiztle.DataContext.csproj", "{157FEB30-EE15-4B76-847B-DFB6C87FF323}"
EndProject
Project("{2150E333-8FDC-42A3-9474-1A3956D46DE8}") = "Quiztle.Flask.PDFScanner", "Quiztle.Flask.PDFScanner", "{F9EA55E4-EC02-4E54-946E-5ACC23717B95}"
	ProjectSection(SolutionItems) = preProject
		Quiztle.Flask.PDFScanner\app.py = Quiztle.Flask.PDFScanner\app.py
		Quiztle.Flask.PDFScanner\build.bat = Quiztle.Flask.PDFScanner\build.bat
		Quiztle.Flask.PDFScanner\Dockerfile = Quiztle.Flask.PDFScanner\Dockerfile
		Quiztle.Flask.PDFScanner\requirements.txt = Quiztle.Flask.PDFScanner\requirements.txt
	EndProjectSection
EndProject
Project("{2150E333-8FDC-42A3-9474-1A3956D46DE8}") = "Quiztle.Postgresql", "Quiztle.Postgresql", "{C17AA084-D0B4-4146-889B-7049D25683D3}"
	ProjectSection(SolutionItems) = preProject
		Quiztle.Postgresql\Dockerfile = Quiztle.Postgresql\Dockerfile
	EndProjectSection
EndProject
Project("{2150E333-8FDC-42A3-9474-1A3956D46DE8}") = "_Docker", "_Docker", "{6EB47798-AE4A-43A6-BD34-D17307D8323E}"
	ProjectSection(SolutionItems) = preProject
		_Docker\.env = _Docker\.env
		_Docker\docker-compose.yml = _Docker\docker-compose.yml
	EndProjectSection
EndProject
Project("{9A19103F-16F7-4668-BE54-9A1E7A4F7556}") = "Quiztle.Blazor", "Quiztle.Blazor\Quiztle.Blazor\Quiztle.Blazor.csproj", "{5ED6BDE6-7A7F-4C20-9C18-DF5B925A08A3}"
EndProject
Project("{9A19103F-16F7-4668-BE54-9A1E7A4F7556}") = "Quiztle.Blazor.Client", "Quiztle.Blazor\Quiztle.Blazor.Client\Quiztle.Blazor.Client.csproj", "{BB314DB1-7490-4759-9503-ABFE23E9766E}"
EndProject
Project("{9A19103F-16F7-4668-BE54-9A1E7A4F7556}") = "Quiztle.Frontend", "Quiztle.Frontend\Quiztle.Frontend\Quiztle.Frontend.csproj", "{3522ED49-9BD9-4EC7-AD1D-B16DD55D993D}"
EndProject
Project("{9A19103F-16F7-4668-BE54-9A1E7A4F7556}") = "Quiztle.Frontend.Client", "Quiztle.Frontend\Quiztle.Frontend.Client\Quiztle.Frontend.Client.csproj", "{FFEA904B-4ADF-42E8-9D62-7F03BB85427A}"
EndProject
Project("{2150E333-8FDC-42A3-9474-1A3956D46DE8}") = "_GeneralDocs", "_GeneralDocs", "{68A2E442-191C-4CDC-98F6-9961F042EE19}"
	ProjectSection(SolutionItems) = preProject
		_GeneralDocs\Plano de Negocio.txt = _GeneralDocs\Plano de Negocio.txt
	EndProjectSection
EndProject
Project("{2150E333-8FDC-42A3-9474-1A3956D46DE8}") = "_Nginx", "_Nginx", "{EF43BE3E-B0B1-41FE-BA35-F5325EE37449}"
	ProjectSection(SolutionItems) = preProject
		_Nginx\quiztle.conf = _Nginx\quiztle.conf
	EndProjectSection
EndProject
Project("{2150E333-8FDC-42A3-9474-1A3956D46DE8}") = "Quiztle.Flask.HomeLLM", "Quiztle.Flask.HomeLLM", "{6FD5F50B-767D-4342-BAEE-3059B243C71F}"
	ProjectSection(SolutionItems) = preProject
		Quiztle.Flask.HomeLLM\app.py = Quiztle.Flask.HomeLLM\app.py
		Quiztle.Flask.HomeLLM\Dockerfile = Quiztle.Flask.HomeLLM\Dockerfile
		Quiztle.Flask.HomeLLM\requirements.txt = Quiztle.Flask.HomeLLM\requirements.txt
	EndProjectSection
EndProject
Project("{9A19103F-16F7-4668-BE54-9A1E7A4F7556}") = "Quiztle.API.LocalLLM", "Quiztle.API.LocalLLM\Quiztle.API.LocalLLM.csproj", "{975A879E-1477-4828-814B-600648ED89B8}"
EndProject
Project("{2150E333-8FDC-42A3-9474-1A3956D46DE8}") = "AWS", "AWS", "{9B6A241F-95A1-49E9-8A8A-88FC5001BA14}"
	ProjectSection(SolutionItems) = preProject
		1 - AWS Certified Cloud PractitionerCLF-C02.md = 1 - AWS Certified Cloud PractitionerCLF-C02.md
		AWS.txt = AWS.txt
	EndProjectSection
EndProject
Project("{2150E333-8FDC-42A3-9474-1A3956D46DE8}") = "Comptia", "Comptia", "{D2F058ED-DC1F-4536-9342-1AA7579E38F8}"
	ProjectSection(SolutionItems) = preProject
		A+ 220-1101.MD = A+ 220-1101.MD
		A+ 220-1102.MD = A+ 220-1102.MD
	EndProjectSection
EndProject
Global
	GlobalSection(SolutionConfigurationPlatforms) = preSolution
		Debug|Any CPU = Debug|Any CPU
		Release|Any CPU = Release|Any CPU
	EndGlobalSection
	GlobalSection(ProjectConfigurationPlatforms) = postSolution
		{DB82B34C-8CE7-4BC9-9DD9-D81307CE460A}.Debug|Any CPU.ActiveCfg = Debug|Any CPU
		{DB82B34C-8CE7-4BC9-9DD9-D81307CE460A}.Debug|Any CPU.Build.0 = Debug|Any CPU
		{DB82B34C-8CE7-4BC9-9DD9-D81307CE460A}.Release|Any CPU.ActiveCfg = Release|Any CPU
		{DB82B34C-8CE7-4BC9-9DD9-D81307CE460A}.Release|Any CPU.Build.0 = Release|Any CPU
		{362B4696-3FD0-457F-9D3F-3AE584673B2D}.Debug|Any CPU.ActiveCfg = Debug|Any CPU
		{362B4696-3FD0-457F-9D3F-3AE584673B2D}.Debug|Any CPU.Build.0 = Debug|Any CPU
		{362B4696-3FD0-457F-9D3F-3AE584673B2D}.Release|Any CPU.ActiveCfg = Release|Any CPU
		{362B4696-3FD0-457F-9D3F-3AE584673B2D}.Release|Any CPU.Build.0 = Release|Any CPU
		{157FEB30-EE15-4B76-847B-DFB6C87FF323}.Debug|Any CPU.ActiveCfg = Debug|Any CPU
		{157FEB30-EE15-4B76-847B-DFB6C87FF323}.Debug|Any CPU.Build.0 = Debug|Any CPU
		{157FEB30-EE15-4B76-847B-DFB6C87FF323}.Release|Any CPU.ActiveCfg = Release|Any CPU
		{157FEB30-EE15-4B76-847B-DFB6C87FF323}.Release|Any CPU.Build.0 = Release|Any CPU
		{5ED6BDE6-7A7F-4C20-9C18-DF5B925A08A3}.Debug|Any CPU.ActiveCfg = Debug|Any CPU
		{5ED6BDE6-7A7F-4C20-9C18-DF5B925A08A3}.Debug|Any CPU.Build.0 = Debug|Any CPU
		{5ED6BDE6-7A7F-4C20-9C18-DF5B925A08A3}.Release|Any CPU.ActiveCfg = Release|Any CPU
		{5ED6BDE6-7A7F-4C20-9C18-DF5B925A08A3}.Release|Any CPU.Build.0 = Release|Any CPU
		{BB314DB1-7490-4759-9503-ABFE23E9766E}.Debug|Any CPU.ActiveCfg = Debug|Any CPU
		{BB314DB1-7490-4759-9503-ABFE23E9766E}.Debug|Any CPU.Build.0 = Debug|Any CPU
		{BB314DB1-7490-4759-9503-ABFE23E9766E}.Release|Any CPU.ActiveCfg = Release|Any CPU
		{BB314DB1-7490-4759-9503-ABFE23E9766E}.Release|Any CPU.Build.0 = Release|Any CPU
		{3522ED49-9BD9-4EC7-AD1D-B16DD55D993D}.Debug|Any CPU.ActiveCfg = Debug|Any CPU
		{3522ED49-9BD9-4EC7-AD1D-B16DD55D993D}.Debug|Any CPU.Build.0 = Debug|Any CPU
		{3522ED49-9BD9-4EC7-AD1D-B16DD55D993D}.Release|Any CPU.ActiveCfg = Release|Any CPU
		{3522ED49-9BD9-4EC7-AD1D-B16DD55D993D}.Release|Any CPU.Build.0 = Release|Any CPU
		{FFEA904B-4ADF-42E8-9D62-7F03BB85427A}.Debug|Any CPU.ActiveCfg = Debug|Any CPU
		{FFEA904B-4ADF-42E8-9D62-7F03BB85427A}.Debug|Any CPU.Build.0 = Debug|Any CPU
		{FFEA904B-4ADF-42E8-9D62-7F03BB85427A}.Release|Any CPU.ActiveCfg = Release|Any CPU
		{FFEA904B-4ADF-42E8-9D62-7F03BB85427A}.Release|Any CPU.Build.0 = Release|Any CPU
		{975A879E-1477-4828-814B-600648ED89B8}.Debug|Any CPU.ActiveCfg = Debug|Any CPU
		{975A879E-1477-4828-814B-600648ED89B8}.Debug|Any CPU.Build.0 = Debug|Any CPU
		{975A879E-1477-4828-814B-600648ED89B8}.Release|Any CPU.ActiveCfg = Release|Any CPU
		{975A879E-1477-4828-814B-600648ED89B8}.Release|Any CPU.Build.0 = Release|Any CPU
	EndGlobalSection
	GlobalSection(SolutionProperties) = preSolution
		HideSolutionNode = FALSE
	EndGlobalSection
	GlobalSection(NestedProjects) = preSolution
		{9B6A241F-95A1-49E9-8A8A-88FC5001BA14} = {68A2E442-191C-4CDC-98F6-9961F042EE19}
		{D2F058ED-DC1F-4536-9342-1AA7579E38F8} = {68A2E442-191C-4CDC-98F6-9961F042EE19}
	EndGlobalSection
	GlobalSection(ExtensibilityGlobals) = postSolution
		SolutionGuid = {FCAC457D-A1BC-4F97-8789-2CDA6A5416A5}
	EndGlobalSection
EndGlobal
